
Microsoft Visual Studio Solution File, Format Version 12.00
# Visual Studio 15
VisualStudioVersion = 15.0.28307.852
MinimumVisualStudioVersion = 10.0.40219.1
Project("{FAE04EC0-301F-11D3-BF4B-00C04F79EFBC}") = "CustomViewCell.Android", "CustomViewCell\CustomViewCell.Android\CustomViewCell.Android.csproj", "{CF12A7AB-72A5-40EB-B175-195F57501DA3}"
EndProject
Project("{FAE04EC0-301F-11D3-BF4B-00C04F79EFBC}") = "CustomViewCell.iOS", "CustomViewCell\CustomViewCell.iOS\CustomViewCell.iOS.csproj", "{70F791BA-D434-4244-A77A-CC17FB73F0A9}"
EndProject
Project("{FAE04EC0-301F-11D3-BF4B-00C04F79EFBC}") = "CustomViewCell.UWP", "CustomViewCell\CustomViewCell.UWP\CustomViewCell.UWP.csproj", "{93F9703E-68E3-4EDD-AFCD-186B7D0CADBE}"
EndProject
Project("{FAE04EC0-301F-11D3-BF4B-00C04F79EFBC}") = "CustomViewCell", "CustomViewCell\CustomViewCell\CustomViewCell.csproj", "{C1C540D6-8CB9-43A8-8352-4CB0A06C7955}"
EndProject
Global
	GlobalSection(SolutionConfigurationPlatforms) = preSolution
		Ad-Hoc|Any CPU = Ad-Hoc|Any CPU
		Ad-Hoc|ARM = Ad-Hoc|ARM
		Ad-Hoc|iPhone = Ad-Hoc|iPhone
		Ad-Hoc|iPhoneSimulator = Ad-Hoc|iPhoneSimulator
		Ad-Hoc|x64 = Ad-Hoc|x64
		Ad-Hoc|x86 = Ad-Hoc|x86
		AppStore|Any CPU = AppStore|Any CPU
		AppStore|ARM = AppStore|ARM
		AppStore|iPhone = AppStore|iPhone
		AppStore|iPhoneSimulator = AppStore|iPhoneSimulator
		AppStore|x64 = AppStore|x64
		AppStore|x86 = AppStore|x86
		Debug|Any CPU = Debug|Any CPU
		Debug|ARM = Debug|ARM
		Debug|iPhone = Debug|iPhone
		Debug|iPhoneSimulator = Debug|iPhoneSimulator
		Debug|x64 = Debug|x64
		Debug|x86 = Debug|x86
		Release|Any CPU = Release|Any CPU
		Release|ARM = Release|ARM
		Release|iPhone = Release|iPhone
		Release|iPhoneSimulator = Release|iPhoneSimulator
		Release|x64 = Release|x64
		Release|x86 = Release|x86
	EndGlobalSection
	GlobalSection(ProjectConfigurationPlatforms) = postSolution
		{CF12A7AB-72A5-40EB-B175-195F57501DA3}.Ad-Hoc|Any CPU.ActiveCfg = Release|Any CPU
		{CF12A7AB-72A5-40EB-B175-195F57501DA3}.Ad-Hoc|Any CPU.Build.0 = Release|Any CPU
		{CF12A7AB-72A5-40EB-B175-195F57501DA3}.Ad-Hoc|Any CPU.Deploy.0 = Release|Any CPU
		{CF12A7AB-72A5-40EB-B175-195F57501DA3}.Ad-Hoc|ARM.ActiveCfg = Release|Any CPU
		{CF12A7AB-72A5-40EB-B175-195F57501DA3}.Ad-Hoc|ARM.Build.0 = Release|Any CPU
		{CF12A7AB-72A5-40EB-B175-195F57501DA3}.Ad-Hoc|ARM.Deploy.0 = Release|Any CPU
		{CF12A7AB-72A5-40EB-B175-195F57501DA3}.Ad-Hoc|iPhone.ActiveCfg = Release|Any CPU
		{CF12A7AB-72A5-40EB-B175-195F57501DA3}.Ad-Hoc|iPhone.Build.0 = Release|Any CPU
		{CF12A7AB-72A5-40EB-B175-195F57501DA3}.Ad-Hoc|iPhone.Deploy.0 = Release|Any CPU
		{CF12A7AB-72A5-40EB-B175-195F57501DA3}.Ad-Hoc|iPhoneSimulator.ActiveCfg = Release|Any CPU
		{CF12A7AB-72A5-40EB-B175-195F57501DA3}.Ad-Hoc|iPhoneSimulator.Build.0 = Release|Any CPU
		{CF12A7AB-72A5-40EB-B175-195F57501DA3}.Ad-Hoc|iPhoneSimulator.Deploy.0 = Release|Any CPU
		{CF12A7AB-72A5-40EB-B175-195F57501DA3}.Ad-Hoc|x64.ActiveCfg = Release|Any CPU
		{CF12A7AB-72A5-40EB-B175-195F57501DA3}.Ad-Hoc|x64.Build.0 = Release|Any CPU
		{CF12A7AB-72A5-40EB-B175-195F57501DA3}.Ad-Hoc|x64.Deploy.0 = Release|Any CPU
		{CF12A7AB-72A5-40EB-B175-195F57501DA3}.Ad-Hoc|x86.ActiveCfg = Release|Any CPU
		{CF12A7AB-72A5-40EB-B175-195F57501DA3}.Ad-Hoc|x86.Build.0 = Release|Any CPU
		{CF12A7AB-72A5-40EB-B175-195F57501DA3}.Ad-Hoc|x86.Deploy.0 = Release|Any CPU
		{CF12A7AB-72A5-40EB-B175-195F57501DA3}.AppStore|Any CPU.ActiveCfg = Release|Any CPU
		{CF12A7AB-72A5-40EB-B175-195F57501DA3}.AppStore|Any CPU.Build.0 = Release|Any CPU
		{CF12A7AB-72A5-40EB-B175-195F57501DA3}.AppStore|Any CPU.Deploy.0 = Release|Any CPU
		{CF12A7AB-72A5-40EB-B175-195F57501DA3}.AppStore|ARM.ActiveCfg = Release|Any CPU
		{CF12A7AB-72A5-40EB-B175-195F57501DA3}.AppStore|ARM.Build.0 = Release|Any CPU
		{CF12A7AB-72A5-40EB-B175-195F57501DA3}.AppStore|ARM.Deploy.0 = Release|Any CPU
		{CF12A7AB-72A5-40EB-B175-195F57501DA3}.AppStore|iPhone.ActiveCfg = Release|Any CPU
		{CF12A7AB-72A5-40EB-B175-195F57501DA3}.AppStore|iPhone.Build.0 = Release|Any CPU
		{CF12A7AB-72A5-40EB-B175-195F57501DA3}.AppStore|iPhone.Deploy.0 = Release|Any CPU
		{CF12A7AB-72A5-40EB-B175-195F57501DA3}.AppStore|iPhoneSimulator.ActiveCfg = Release|Any CPU
		{CF12A7AB-72A5-40EB-B175-195F57501DA3}.AppStore|iPhoneSimulator.Build.0 = Release|Any CPU
		{CF12A7AB-72A5-40EB-B175-195F57501DA3}.AppStore|iPhoneSimulator.Deploy.0 = Release|Any CPU
		{CF12A7AB-72A5-40EB-B175-195F57501DA3}.AppStore|x64.ActiveCfg = Release|Any CPU
		{CF12A7AB-72A5-40EB-B175-195F57501DA3}.AppStore|x64.Build.0 = Release|Any CPU
		{CF12A7AB-72A5-40EB-B175-195F57501DA3}.AppStore|x64.Deploy.0 = Release|Any CPU
		{CF12A7AB-72A5-40EB-B175-195F57501DA3}.AppStore|x86.ActiveCfg = Release|Any CPU
		{CF12A7AB-72A5-40EB-B175-195F57501DA3}.AppStore|x86.Build.0 = Release|Any CPU
		{CF12A7AB-72A5-40EB-B175-195F57501DA3}.AppStore|x86.Deploy.0 = Release|Any CPU
		{CF12A7AB-72A5-40EB-B175-195F57501DA3}.Debug|Any CPU.ActiveCfg = Debug|Any CPU
		{CF12A7AB-72A5-40EB-B175-195F57501DA3}.Debug|Any CPU.Build.0 = Debug|Any CPU
		{CF12A7AB-72A5-40EB-B175-195F57501DA3}.Debug|Any CPU.Deploy.0 = Debug|Any CPU
		{CF12A7AB-72A5-40EB-B175-195F57501DA3}.Debug|ARM.ActiveCfg = Debug|Any CPU
		{CF12A7AB-72A5-40EB-B175-195F57501DA3}.Debug|ARM.Build.0 = Debug|Any CPU
		{CF12A7AB-72A5-40EB-B175-195F57501DA3}.Debug|ARM.Deploy.0 = Debug|Any CPU
		{CF12A7AB-72A5-40EB-B175-195F57501DA3}.Debug|iPhone.ActiveCfg = Debug|Any CPU
		{CF12A7AB-72A5-40EB-B175-195F57501DA3}.Debug|iPhone.Build.0 = Debug|Any CPU
		{CF12A7AB-72A5-40EB-B175-195F57501DA3}.Debug|iPhone.Deploy.0 = Debug|Any CPU
		{CF12A7AB-72A5-40EB-B175-195F57501DA3}.Debug|iPhoneSimulator.ActiveCfg = Debug|Any CPU
		{CF12A7AB-72A5-40EB-B175-195F57501DA3}.Debug|iPhoneSimulator.Build.0 = Debug|Any CPU
		{CF12A7AB-72A5-40EB-B175-195F57501DA3}.Debug|iPhoneSimulator.Deploy.0 = Debug|Any CPU
		{CF12A7AB-72A5-40EB-B175-195F57501DA3}.Debug|x64.ActiveCfg = Debug|Any CPU
		{CF12A7AB-72A5-40EB-B175-195F57501DA3}.Debug|x64.Build.0 = Debug|Any CPU
		{CF12A7AB-72A5-40EB-B175-195F57501DA3}.Debug|x64.Deploy.0 = Debug|Any CPU
		{CF12A7AB-72A5-40EB-B175-195F57501DA3}.Debug|x86.ActiveCfg = Debug|Any CPU
		{CF12A7AB-72A5-40EB-B175-195F57501DA3}.Debug|x86.Build.0 = Debug|Any CPU
		{CF12A7AB-72A5-40EB-B175-195F57501DA3}.Debug|x86.Deploy.0 = Debug|Any CPU
		{CF12A7AB-72A5-40EB-B175-195F57501DA3}.Release|Any CPU.ActiveCfg = Release|Any CPU
		{CF12A7AB-72A5-40EB-B175-195F57501DA3}.Release|Any CPU.Build.0 = Release|Any CPU
		{CF12A7AB-72A5-40EB-B175-195F57501DA3}.Release|Any CPU.Deploy.0 = Release|Any CPU
		{CF12A7AB-72A5-40EB-B175-195F57501DA3}.Release|ARM.ActiveCfg = Release|Any CPU
		{CF12A7AB-72A5-40EB-B175-195F57501DA3}.Release|ARM.Build.0 = Release|Any CPU
		{CF12A7AB-72A5-40EB-B175-195F57501DA3}.Release|ARM.Deploy.0 = Release|Any CPU
		{CF12A7AB-72A5-40EB-B175-195F57501DA3}.Release|iPhone.ActiveCfg = Release|Any CPU
		{CF12A7AB-72A5-40EB-B175-195F57501DA3}.Release|iPhone.Build.0 = Release|Any CPU
		{CF12A7AB-72A5-40EB-B175-195F57501DA3}.Release|iPhone.Deploy.0 = Release|Any CPU
		{CF12A7AB-72A5-40EB-B175-195F57501DA3}.Release|iPhoneSimulator.ActiveCfg = Release|Any CPU
		{CF12A7AB-72A5-40EB-B175-195F57501DA3}.Release|iPhoneSimulator.Build.0 = Release|Any CPU
		{CF12A7AB-72A5-40EB-B175-195F57501DA3}.Release|iPhoneSimulator.Deploy.0 = Release|Any CPU
		{CF12A7AB-72A5-40EB-B175-195F57501DA3}.Release|x64.ActiveCfg = Release|Any CPU
		{CF12A7AB-72A5-40EB-B175-195F57501DA3}.Release|x64.Build.0 = Release|Any CPU
		{CF12A7AB-72A5-40EB-B175-195F57501DA3}.Release|x64.Deploy.0 = Release|Any CPU
		{CF12A7AB-72A5-40EB-B175-195F57501DA3}.Release|x86.ActiveCfg = Release|Any CPU
		{CF12A7AB-72A5-40EB-B175-195F57501DA3}.Release|x86.Build.0 = Release|Any CPU
		{CF12A7AB-72A5-40EB-B175-195F57501DA3}.Release|x86.Deploy.0 = Release|Any CPU
		{70F791BA-D434-4244-A77A-CC17FB73F0A9}.Ad-Hoc|Any CPU.ActiveCfg = Ad-Hoc|iPhone
		{70F791BA-D434-4244-A77A-CC17FB73F0A9}.Ad-Hoc|Any CPU.Build.0 = Ad-Hoc|iPhone
		{70F791BA-D434-4244-A77A-CC17FB73F0A9}.Ad-Hoc|Any CPU.Deploy.0 = Ad-Hoc|iPhone
		{70F791BA-D434-4244-A77A-CC17FB73F0A9}.Ad-Hoc|ARM.ActiveCfg = Ad-Hoc|iPhone
		{70F791BA-D434-4244-A77A-CC17FB73F0A9}.Ad-Hoc|ARM.Build.0 = Ad-Hoc|iPhone
		{70F791BA-D434-4244-A77A-CC17FB73F0A9}.Ad-Hoc|ARM.Deploy.0 = Ad-Hoc|iPhone
		{70F791BA-D434-4244-A77A-CC17FB73F0A9}.Ad-Hoc|iPhone.ActiveCfg = Ad-Hoc|iPhone
		{70F791BA-D434-4244-A77A-CC17FB73F0A9}.Ad-Hoc|iPhone.Build.0 = Ad-Hoc|iPhone
		{70F791BA-D434-4244-A77A-CC17FB73F0A9}.Ad-Hoc|iPhone.Deploy.0 = Ad-Hoc|iPhone
		{70F791BA-D434-4244-A77A-CC17FB73F0A9}.Ad-Hoc|iPhoneSimulator.ActiveCfg = Ad-Hoc|iPhoneSimulator
		{70F791BA-D434-4244-A77A-CC17FB73F0A9}.Ad-Hoc|iPhoneSimulator.Build.0 = Ad-Hoc|iPhoneSimulator
		{70F791BA-D434-4244-A77A-CC17FB73F0A9}.Ad-Hoc|iPhoneSimulator.Deploy.0 = Ad-Hoc|iPhoneSimulator
		{70F791BA-D434-4244-A77A-CC17FB73F0A9}.Ad-Hoc|x64.ActiveCfg = Ad-Hoc|iPhone
		{70F791BA-D434-4244-A77A-CC17FB73F0A9}.Ad-Hoc|x64.Build.0 = Ad-Hoc|iPhone
		{70F791BA-D434-4244-A77A-CC17FB73F0A9}.Ad-Hoc|x64.Deploy.0 = Ad-Hoc|iPhone
		{70F791BA-D434-4244-A77A-CC17FB73F0A9}.Ad-Hoc|x86.ActiveCfg = Ad-Hoc|iPhone
		{70F791BA-D434-4244-A77A-CC17FB73F0A9}.Ad-Hoc|x86.Build.0 = Ad-Hoc|iPhone
		{70F791BA-D434-4244-A77A-CC17FB73F0A9}.Ad-Hoc|x86.Deploy.0 = Ad-Hoc|iPhone
		{70F791BA-D434-4244-A77A-CC17FB73F0A9}.AppStore|Any CPU.ActiveCfg = AppStore|iPhone
		{70F791BA-D434-4244-A77A-CC17FB73F0A9}.AppStore|Any CPU.Build.0 = AppStore|iPhone
		{70F791BA-D434-4244-A77A-CC17FB73F0A9}.AppStore|Any CPU.Deploy.0 = AppStore|iPhone
		{70F791BA-D434-4244-A77A-CC17FB73F0A9}.AppStore|ARM.ActiveCfg = AppStore|iPhone
		{70F791BA-D434-4244-A77A-CC17FB73F0A9}.AppStore|ARM.Build.0 = AppStore|iPhone
		{70F791BA-D434-4244-A77A-CC17FB73F0A9}.AppStore|ARM.Deploy.0 = AppStore|iPhone
		{70F791BA-D434-4244-A77A-CC17FB73F0A9}.AppStore|iPhone.ActiveCfg = AppStore|iPhone
		{70F791BA-D434-4244-A77A-CC17FB73F0A9}.AppStore|iPhone.Build.0 = AppStore|iPhone
		{70F791BA-D434-4244-A77A-CC17FB73F0A9}.AppStore|iPhone.Deploy.0 = AppStore|iPhone
		{70F791BA-D434-4244-A77A-CC17FB73F0A9}.AppStore|iPhoneSimulator.ActiveCfg = AppStore|iPhoneSimulator
		{70F791BA-D434-4244-A77A-CC17FB73F0A9}.AppStore|iPhoneSimulator.Build.0 = AppStore|iPhoneSimulator
		{70F791BA-D434-4244-A77A-CC17FB73F0A9}.AppStore|iPhoneSimulator.Deploy.0 = AppStore|iPhoneSimulator
		{70F791BA-D434-4244-A77A-CC17FB73F0A9}.AppStore|x64.ActiveCfg = AppStore|iPhone
		{70F791BA-D434-4244-A77A-CC17FB73F0A9}.AppStore|x64.Build.0 = AppStore|iPhone
		{70F791BA-D434-4244-A77A-CC17FB73F0A9}.AppStore|x64.Deploy.0 = AppStore|iPhone
		{70F791BA-D434-4244-A77A-CC17FB73F0A9}.AppStore|x86.ActiveCfg = AppStore|iPhone
		{70F791BA-D434-4244-A77A-CC17FB73F0A9}.AppStore|x86.Build.0 = AppStore|iPhone
		{70F791BA-D434-4244-A77A-CC17FB73F0A9}.AppStore|x86.Deploy.0 = AppStore|iPhone
		{70F791BA-D434-4244-A77A-CC17FB73F0A9}.Debug|Any CPU.ActiveCfg = Debug|iPhoneSimulator
		{70F791BA-D434-4244-A77A-CC17FB73F0A9}.Debug|Any CPU.Build.0 = Debug|iPhoneSimulator
		{70F791BA-D434-4244-A77A-CC17FB73F0A9}.Debug|Any CPU.Deploy.0 = Debug|iPhoneSimulator
		{70F791BA-D434-4244-A77A-CC17FB73F0A9}.Debug|ARM.ActiveCfg = Debug|iPhone
		{70F791BA-D434-4244-A77A-CC17FB73F0A9}.Debug|ARM.Build.0 = Debug|iPhone
		{70F791BA-D434-4244-A77A-CC17FB73F0A9}.Debug|ARM.Deploy.0 = Debug|iPhone
		{70F791BA-D434-4244-A77A-CC17FB73F0A9}.Debug|iPhone.ActiveCfg = Debug|iPhone
		{70F791BA-D434-4244-A77A-CC17FB73F0A9}.Debug|iPhone.Build.0 = Debug|iPhone
		{70F791BA-D434-4244-A77A-CC17FB73F0A9}.Debug|iPhone.Deploy.0 = Debug|iPhone
		{70F791BA-D434-4244-A77A-CC17FB73F0A9}.Debug|iPhoneSimulator.ActiveCfg = Debug|iPhoneSimulator
		{70F791BA-D434-4244-A77A-CC17FB73F0A9}.Debug|iPhoneSimulator.Build.0 = Debug|iPhoneSimulator
		{70F791BA-D434-4244-A77A-CC17FB73F0A9}.Debug|iPhoneSimulator.Deploy.0 = Debug|iPhoneSimulator
		{70F791BA-D434-4244-A77A-CC17FB73F0A9}.Debug|x64.ActiveCfg = Debug|iPhone
		{70F791BA-D434-4244-A77A-CC17FB73F0A9}.Debug|x64.Build.0 = Debug|iPhone
		{70F791BA-D434-4244-A77A-CC17FB73F0A9}.Debug|x64.Deploy.0 = Debug|iPhone
		{70F791BA-D434-4244-A77A-CC17FB73F0A9}.Debug|x86.ActiveCfg = Debug|iPhone
		{70F791BA-D434-4244-A77A-CC17FB73F0A9}.Debug|x86.Build.0 = Debug|iPhone
		{70F791BA-D434-4244-A77A-CC17FB73F0A9}.Debug|x86.Deploy.0 = Debug|iPhone
		{70F791BA-D434-4244-A77A-CC17FB73F0A9}.Release|Any CPU.ActiveCfg = Release|iPhone
		{70F791BA-D434-4244-A77A-CC17FB73F0A9}.Release|Any CPU.Build.0 = Release|iPhone
		{70F791BA-D434-4244-A77A-CC17FB73F0A9}.Release|Any CPU.Deploy.0 = Release|iPhone
		{70F791BA-D434-4244-A77A-CC17FB73F0A9}.Release|ARM.ActiveCfg = Release|iPhone
		{70F791BA-D434-4244-A77A-CC17FB73F0A9}.Release|ARM.Build.0 = Release|iPhone
		{70F791BA-D434-4244-A77A-CC17FB73F0A9}.Release|ARM.Deploy.0 = Release|iPhone
		{70F791BA-D434-4244-A77A-CC17FB73F0A9}.Release|iPhone.ActiveCfg = Release|iPhone
		{70F791BA-D434-4244-A77A-CC17FB73F0A9}.Release|iPhone.Build.0 = Release|iPhone
		{70F791BA-D434-4244-A77A-CC17FB73F0A9}.Release|iPhone.Deploy.0 = Release|iPhone
		{70F791BA-D434-4244-A77A-CC17FB73F0A9}.Release|iPhoneSimulator.ActiveCfg = Release|iPhoneSimulator
		{70F791BA-D434-4244-A77A-CC17FB73F0A9}.Release|iPhoneSimulator.Build.0 = Release|iPhoneSimulator
		{70F791BA-D434-4244-A77A-CC17FB73F0A9}.Release|iPhoneSimulator.Deploy.0 = Release|iPhoneSimulator
		{70F791BA-D434-4244-A77A-CC17FB73F0A9}.Release|x64.ActiveCfg = Release|iPhone
		{70F791BA-D434-4244-A77A-CC17FB73F0A9}.Release|x64.Build.0 = Release|iPhone
		{70F791BA-D434-4244-A77A-CC17FB73F0A9}.Release|x64.Deploy.0 = Release|iPhone
		{70F791BA-D434-4244-A77A-CC17FB73F0A9}.Release|x86.ActiveCfg = Release|iPhone
		{70F791BA-D434-4244-A77A-CC17FB73F0A9}.Release|x86.Build.0 = Release|iPhone
		{70F791BA-D434-4244-A77A-CC17FB73F0A9}.Release|x86.Deploy.0 = Release|iPhone
		{93F9703E-68E3-4EDD-AFCD-186B7D0CADBE}.Ad-Hoc|Any CPU.ActiveCfg = Release|x86
		{93F9703E-68E3-4EDD-AFCD-186B7D0CADBE}.Ad-Hoc|Any CPU.Build.0 = Release|x86
		{93F9703E-68E3-4EDD-AFCD-186B7D0CADBE}.Ad-Hoc|Any CPU.Deploy.0 = Release|x86
		{93F9703E-68E3-4EDD-AFCD-186B7D0CADBE}.Ad-Hoc|ARM.ActiveCfg = Release|ARM
		{93F9703E-68E3-4EDD-AFCD-186B7D0CADBE}.Ad-Hoc|ARM.Build.0 = Release|ARM
		{93F9703E-68E3-4EDD-AFCD-186B7D0CADBE}.Ad-Hoc|ARM.Deploy.0 = Release|ARM
		{93F9703E-68E3-4EDD-AFCD-186B7D0CADBE}.Ad-Hoc|iPhone.ActiveCfg = Release|x86
		{93F9703E-68E3-4EDD-AFCD-186B7D0CADBE}.Ad-Hoc|iPhone.Build.0 = Release|x86
		{93F9703E-68E3-4EDD-AFCD-186B7D0CADBE}.Ad-Hoc|iPhone.Deploy.0 = Release|x86
		{93F9703E-68E3-4EDD-AFCD-186B7D0CADBE}.Ad-Hoc|iPhoneSimulator.ActiveCfg = Release|x86
		{93F9703E-68E3-4EDD-AFCD-186B7D0CADBE}.Ad-Hoc|iPhoneSimulator.Build.0 = Release|x86
		{93F9703E-68E3-4EDD-AFCD-186B7D0CADBE}.Ad-Hoc|iPhoneSimulator.Deploy.0 = Release|x86
		{93F9703E-68E3-4EDD-AFCD-186B7D0CADBE}.Ad-Hoc|x64.ActiveCfg = Release|x64
		{93F9703E-68E3-4EDD-AFCD-186B7D0CADBE}.Ad-Hoc|x64.Build.0 = Release|x64
		{93F9703E-68E3-4EDD-AFCD-186B7D0CADBE}.Ad-Hoc|x64.Deploy.0 = Release|x64
		{93F9703E-68E3-4EDD-AFCD-186B7D0CADBE}.Ad-Hoc|x86.ActiveCfg = Release|x86
		{93F9703E-68E3-4EDD-AFCD-186B7D0CADBE}.Ad-Hoc|x86.Build.0 = Release|x86
		{93F9703E-68E3-4EDD-AFCD-186B7D0CADBE}.Ad-Hoc|x86.Deploy.0 = Release|x86
		{93F9703E-68E3-4EDD-AFCD-186B7D0CADBE}.AppStore|Any CPU.ActiveCfg = Release|x86
		{93F9703E-68E3-4EDD-AFCD-186B7D0CADBE}.AppStore|Any CPU.Build.0 = Release|x86
		{93F9703E-68E3-4EDD-AFCD-186B7D0CADBE}.AppStore|Any CPU.Deploy.0 = Release|x86
		{93F9703E-68E3-4EDD-AFCD-186B7D0CADBE}.AppStore|ARM.ActiveCfg = Release|ARM
		{93F9703E-68E3-4EDD-AFCD-186B7D0CADBE}.AppStore|ARM.Build.0 = Release|ARM
		{93F9703E-68E3-4EDD-AFCD-186B7D0CADBE}.AppStore|ARM.Deploy.0 = Release|ARM
		{93F9703E-68E3-4EDD-AFCD-186B7D0CADBE}.AppStore|iPhone.ActiveCfg = Release|x86
		{93F9703E-68E3-4EDD-AFCD-186B7D0CADBE}.AppStore|iPhone.Build.0 = Release|x86
		{93F9703E-68E3-4EDD-AFCD-186B7D0CADBE}.AppStore|iPhone.Deploy.0 = Release|x86
		{93F9703E-68E3-4EDD-AFCD-186B7D0CADBE}.AppStore|iPhoneSimulator.ActiveCfg = Release|x86
		{93F9703E-68E3-4EDD-AFCD-186B7D0CADBE}.AppStore|iPhoneSimulator.Build.0 = Release|x86
		{93F9703E-68E3-4EDD-AFCD-186B7D0CADBE}.AppStore|iPhoneSimulator.Deploy.0 = Release|x86
		{93F9703E-68E3-4EDD-AFCD-186B7D0CADBE}.AppStore|x64.ActiveCfg = Release|x64
		{93F9703E-68E3-4EDD-AFCD-186B7D0CADBE}.AppStore|x64.Build.0 = Release|x64
		{93F9703E-68E3-4EDD-AFCD-186B7D0CADBE}.AppStore|x64.Deploy.0 = Release|x64
		{93F9703E-68E3-4EDD-AFCD-186B7D0CADBE}.AppStore|x86.ActiveCfg = Release|x86
		{93F9703E-68E3-4EDD-AFCD-186B7D0CADBE}.AppStore|x86.Build.0 = Release|x86
		{93F9703E-68E3-4EDD-AFCD-186B7D0CADBE}.AppStore|x86.Deploy.0 = Release|x86
		{93F9703E-68E3-4EDD-AFCD-186B7D0CADBE}.Debug|Any CPU.ActiveCfg = Debug|x86
		{93F9703E-68E3-4EDD-AFCD-186B7D0CADBE}.Debug|Any CPU.Build.0 = Debug|x86
		{93F9703E-68E3-4EDD-AFCD-186B7D0CADBE}.Debug|Any CPU.Deploy.0 = Debug|x86
		{93F9703E-68E3-4EDD-AFCD-186B7D0CADBE}.Debug|ARM.ActiveCfg = Debug|ARM
		{93F9703E-68E3-4EDD-AFCD-186B7D0CADBE}.Debug|ARM.Build.0 = Debug|ARM
		{93F9703E-68E3-4EDD-AFCD-186B7D0CADBE}.Debug|ARM.Deploy.0 = Debug|ARM
		{93F9703E-68E3-4EDD-AFCD-186B7D0CADBE}.Debug|iPhone.ActiveCfg = Debug|x86
		{93F9703E-68E3-4EDD-AFCD-186B7D0CADBE}.Debug|iPhone.Build.0 = Debug|x86
		{93F9703E-68E3-4EDD-AFCD-186B7D0CADBE}.Debug|iPhone.Deploy.0 = Debug|x86
		{93F9703E-68E3-4EDD-AFCD-186B7D0CADBE}.Debug|iPhoneSimulator.ActiveCfg = Debug|x86
		{93F9703E-68E3-4EDD-AFCD-186B7D0CADBE}.Debug|iPhoneSimulator.Build.0 = Debug|x86
		{93F9703E-68E3-4EDD-AFCD-186B7D0CADBE}.Debug|iPhoneSimulator.Deploy.0 = Debug|x86
		{93F9703E-68E3-4EDD-AFCD-186B7D0CADBE}.Debug|x64.ActiveCfg = Debug|x64
		{93F9703E-68E3-4EDD-AFCD-186B7D0CADBE}.Debug|x64.Build.0 = Debug|x64
		{93F9703E-68E3-4EDD-AFCD-186B7D0CADBE}.Debug|x64.Deploy.0 = Debug|x64
		{93F9703E-68E3-4EDD-AFCD-186B7D0CADBE}.Debug|x86.ActiveCfg = Debug|x86
		{93F9703E-68E3-4EDD-AFCD-186B7D0CADBE}.Debug|x86.Build.0 = Debug|x86
		{93F9703E-68E3-4EDD-AFCD-186B7D0CADBE}.Debug|x86.Deploy.0 = Debug|x86
		{93F9703E-68E3-4EDD-AFCD-186B7D0CADBE}.Release|Any CPU.ActiveCfg = Release|x86
		{93F9703E-68E3-4EDD-AFCD-186B7D0CADBE}.Release|Any CPU.Build.0 = Release|x86
		{93F9703E-68E3-4EDD-AFCD-186B7D0CADBE}.Release|Any CPU.Deploy.0 = Release|x86
		{93F9703E-68E3-4EDD-AFCD-186B7D0CADBE}.Release|ARM.ActiveCfg = Release|ARM
		{93F9703E-68E3-4EDD-AFCD-186B7D0CADBE}.Release|ARM.Build.0 = Release|ARM
		{93F9703E-68E3-4EDD-AFCD-186B7D0CADBE}.Release|ARM.Deploy.0 = Release|ARM
		{93F9703E-68E3-4EDD-AFCD-186B7D0CADBE}.Release|iPhone.ActiveCfg = Release|x86
		{93F9703E-68E3-4EDD-AFCD-186B7D0CADBE}.Release|iPhone.Build.0 = Release|x86
		{93F9703E-68E3-4EDD-AFCD-186B7D0CADBE}.Release|iPhone.Deploy.0 = Release|x86
		{93F9703E-68E3-4EDD-AFCD-186B7D0CADBE}.Release|iPhoneSimulator.ActiveCfg = Release|x86
		{93F9703E-68E3-4EDD-AFCD-186B7D0CADBE}.Release|iPhoneSimulator.Build.0 = Release|x86
		{93F9703E-68E3-4EDD-AFCD-186B7D0CADBE}.Release|iPhoneSimulator.Deploy.0 = Release|x86
		{93F9703E-68E3-4EDD-AFCD-186B7D0CADBE}.Release|x64.ActiveCfg = Release|x64
		{93F9703E-68E3-4EDD-AFCD-186B7D0CADBE}.Release|x64.Build.0 = Release|x64
		{93F9703E-68E3-4EDD-AFCD-186B7D0CADBE}.Release|x64.Deploy.0 = Release|x64
		{93F9703E-68E3-4EDD-AFCD-186B7D0CADBE}.Release|x86.ActiveCfg = Release|x86
		{93F9703E-68E3-4EDD-AFCD-186B7D0CADBE}.Release|x86.Build.0 = Release|x86
		{93F9703E-68E3-4EDD-AFCD-186B7D0CADBE}.Release|x86.Deploy.0 = Release|x86
		{C1C540D6-8CB9-43A8-8352-4CB0A06C7955}.Ad-Hoc|Any CPU.ActiveCfg = Debug|Any CPU
		{C1C540D6-8CB9-43A8-8352-4CB0A06C7955}.Ad-Hoc|Any CPU.Build.0 = Debug|Any CPU
		{C1C540D6-8CB9-43A8-8352-4CB0A06C7955}.Ad-Hoc|Any CPU.Deploy.0 = Debug|Any CPU
		{C1C540D6-8CB9-43A8-8352-4CB0A06C7955}.Ad-Hoc|ARM.ActiveCfg = Debug|Any CPU
		{C1C540D6-8CB9-43A8-8352-4CB0A06C7955}.Ad-Hoc|ARM.Build.0 = Debug|Any CPU
		{C1C540D6-8CB9-43A8-8352-4CB0A06C7955}.Ad-Hoc|ARM.Deploy.0 = Debug|Any CPU
		{C1C540D6-8CB9-43A8-8352-4CB0A06C7955}.Ad-Hoc|iPhone.ActiveCfg = Debug|Any CPU
		{C1C540D6-8CB9-43A8-8352-4CB0A06C7955}.Ad-Hoc|iPhone.Build.0 = Debug|Any CPU
		{C1C540D6-8CB9-43A8-8352-4CB0A06C7955}.Ad-Hoc|iPhone.Deploy.0 = Debug|Any CPU
		{C1C540D6-8CB9-43A8-8352-4CB0A06C7955}.Ad-Hoc|iPhoneSimulator.ActiveCfg = Debug|Any CPU
		{C1C540D6-8CB9-43A8-8352-4CB0A06C7955}.Ad-Hoc|iPhoneSimulator.Build.0 = Debug|Any CPU
		{C1C540D6-8CB9-43A8-8352-4CB0A06C7955}.Ad-Hoc|iPhoneSimulator.Deploy.0 = Debug|Any CPU
		{C1C540D6-8CB9-43A8-8352-4CB0A06C7955}.Ad-Hoc|x64.ActiveCfg = Debug|Any CPU
		{C1C540D6-8CB9-43A8-8352-4CB0A06C7955}.Ad-Hoc|x64.Build.0 = Debug|Any CPU
		{C1C540D6-8CB9-43A8-8352-4CB0A06C7955}.Ad-Hoc|x64.Deploy.0 = Debug|Any CPU
		{C1C540D6-8CB9-43A8-8352-4CB0A06C7955}.Ad-Hoc|x86.ActiveCfg = Debug|Any CPU
		{C1C540D6-8CB9-43A8-8352-4CB0A06C7955}.Ad-Hoc|x86.Build.0 = Debug|Any CPU
		{C1C540D6-8CB9-43A8-8352-4CB0A06C7955}.Ad-Hoc|x86.Deploy.0 = Debug|Any CPU
		{C1C540D6-8CB9-43A8-8352-4CB0A06C7955}.AppStore|Any CPU.ActiveCfg = Debug|Any CPU
		{C1C540D6-8CB9-43A8-8352-4CB0A06C7955}.AppStore|Any CPU.Build.0 = Debug|Any CPU
		{C1C540D6-8CB9-43A8-8352-4CB0A06C7955}.AppStore|Any CPU.Deploy.0 = Debug|Any CPU
		{C1C540D6-8CB9-43A8-8352-4CB0A06C7955}.AppStore|ARM.ActiveCfg = Debug|Any CPU
		{C1C540D6-8CB9-43A8-8352-4CB0A06C7955}.AppStore|ARM.Build.0 = Debug|Any CPU
		{C1C540D6-8CB9-43A8-8352-4CB0A06C7955}.AppStore|ARM.Deploy.0 = Debug|Any CPU
		{C1C540D6-8CB9-43A8-8352-4CB0A06C7955}.AppStore|iPhone.ActiveCfg = Debug|Any CPU
		{C1C540D6-8CB9-43A8-8352-4CB0A06C7955}.AppStore|iPhone.Build.0 = Debug|Any CPU
		{C1C540D6-8CB9-43A8-8352-4CB0A06C7955}.AppStore|iPhone.Deploy.0 = Debug|Any CPU
		{C1C540D6-8CB9-43A8-8352-4CB0A06C7955}.AppStore|iPhoneSimulator.ActiveCfg = Debug|Any CPU
		{C1C540D6-8CB9-43A8-8352-4CB0A06C7955}.AppStore|iPhoneSimulator.Build.0 = Debug|Any CPU
		{C1C540D6-8CB9-43A8-8352-4CB0A06C7955}.AppStore|iPhoneSimulator.Deploy.0 = Debug|Any CPU
		{C1C540D6-8CB9-43A8-8352-4CB0A06C7955}.AppStore|x64.ActiveCfg = Debug|Any CPU
		{C1C540D6-8CB9-43A8-8352-4CB0A06C7955}.AppStore|x64.Build.0 = Debug|Any CPU
		{C1C540D6-8CB9-43A8-8352-4CB0A06C7955}.AppStore|x64.Deploy.0 = Debug|Any CPU
		{C1C540D6-8CB9-43A8-8352-4CB0A06C7955}.AppStore|x86.ActiveCfg = Debug|Any CPU
		{C1C540D6-8CB9-43A8-8352-4CB0A06C7955}.AppStore|x86.Build.0 = Debug|Any CPU
		{C1C540D6-8CB9-43A8-8352-4CB0A06C7955}.AppStore|x86.Deploy.0 = Debug|Any CPU
		{C1C540D6-8CB9-43A8-8352-4CB0A06C7955}.Debug|Any CPU.ActiveCfg = Debug|Any CPU
		{C1C540D6-8CB9-43A8-8352-4CB0A06C7955}.Debug|Any CPU.Build.0 = Debug|Any CPU
		{C1C540D6-8CB9-43A8-8352-4CB0A06C7955}.Debug|Any CPU.Deploy.0 = Debug|Any CPU
		{C1C540D6-8CB9-43A8-8352-4CB0A06C7955}.Debug|ARM.ActiveCfg = Debug|Any CPU
		{C1C540D6-8CB9-43A8-8352-4CB0A06C7955}.Debug|ARM.Build.0 = Debug|Any CPU
		{C1C540D6-8CB9-43A8-8352-4CB0A06C7955}.Debug|ARM.Deploy.0 = Debug|Any CPU
		{C1C540D6-8CB9-43A8-8352-4CB0A06C7955}.Debug|iPhone.ActiveCfg = Debug|Any CPU
		{C1C540D6-8CB9-43A8-8352-4CB0A06C7955}.Debug|iPhone.Build.0 = Debug|Any CPU
		{C1C540D6-8CB9-43A8-8352-4CB0A06C7955}.Debug|iPhone.Deploy.0 = Debug|Any CPU
		{C1C540D6-8CB9-43A8-8352-4CB0A06C7955}.Debug|iPhoneSimulator.ActiveCfg = Debug|Any CPU
		{C1C540D6-8CB9-43A8-8352-4CB0A06C7955}.Debug|iPhoneSimulator.Build.0 = Debug|Any CPU
		{C1C540D6-8CB9-43A8-8352-4CB0A06C7955}.Debug|iPhoneSimulator.Deploy.0 = Debug|Any CPU
		{C1C540D6-8CB9-43A8-8352-4CB0A06C7955}.Debug|x64.ActiveCfg = Debug|Any CPU
		{C1C540D6-8CB9-43A8-8352-4CB0A06C7955}.Debug|x64.Build.0 = Debug|Any CPU
		{C1C540D6-8CB9-43A8-8352-4CB0A06C7955}.Debug|x64.Deploy.0 = Debug|Any CPU
		{C1C540D6-8CB9-43A8-8352-4CB0A06C7955}.Debug|x86.ActiveCfg = Debug|Any CPU
		{C1C540D6-8CB9-43A8-8352-4CB0A06C7955}.Debug|x86.Build.0 = Debug|Any CPU
		{C1C540D6-8CB9-43A8-8352-4CB0A06C7955}.Debug|x86.Deploy.0 = Debug|Any CPU
		{C1C540D6-8CB9-43A8-8352-4CB0A06C7955}.Release|Any CPU.ActiveCfg = Release|Any CPU
		{C1C540D6-8CB9-43A8-8352-4CB0A06C7955}.Release|Any CPU.Build.0 = Release|Any CPU
		{C1C540D6-8CB9-43A8-8352-4CB0A06C7955}.Release|Any CPU.Deploy.0 = Release|Any CPU
		{C1C540D6-8CB9-43A8-8352-4CB0A06C7955}.Release|ARM.ActiveCfg = Release|Any CPU
		{C1C540D6-8CB9-43A8-8352-4CB0A06C7955}.Release|ARM.Build.0 = Release|Any CPU
		{C1C540D6-8CB9-43A8-8352-4CB0A06C7955}.Release|ARM.Deploy.0 = Release|Any CPU
		{C1C540D6-8CB9-43A8-8352-4CB0A06C7955}.Release|iPhone.ActiveCfg = Release|Any CPU
		{C1C540D6-8CB9-43A8-8352-4CB0A06C7955}.Release|iPhone.Build.0 = Release|Any CPU
		{C1C540D6-8CB9-43A8-8352-4CB0A06C7955}.Release|iPhone.Deploy.0 = Release|Any CPU
		{C1C540D6-8CB9-43A8-8352-4CB0A06C7955}.Release|iPhoneSimulator.ActiveCfg = Release|Any CPU
		{C1C540D6-8CB9-43A8-8352-4CB0A06C7955}.Release|iPhoneSimulator.Build.0 = Release|Any CPU
		{C1C540D6-8CB9-43A8-8352-4CB0A06C7955}.Release|iPhoneSimulator.Deploy.0 = Release|Any CPU
		{C1C540D6-8CB9-43A8-8352-4CB0A06C7955}.Release|x64.ActiveCfg = Release|Any CPU
		{C1C540D6-8CB9-43A8-8352-4CB0A06C7955}.Release|x64.Build.0 = Release|Any CPU
		{C1C540D6-8CB9-43A8-8352-4CB0A06C7955}.Release|x64.Deploy.0 = Release|Any CPU
		{C1C540D6-8CB9-43A8-8352-4CB0A06C7955}.Release|x86.ActiveCfg = Release|Any CPU
		{C1C540D6-8CB9-43A8-8352-4CB0A06C7955}.Release|x86.Build.0 = Release|Any CPU
		{C1C540D6-8CB9-43A8-8352-4CB0A06C7955}.Release|x86.Deploy.0 = Release|Any CPU
	EndGlobalSection
	GlobalSection(SolutionProperties) = preSolution
		HideSolutionNode = FALSE
	EndGlobalSection
	GlobalSection(ExtensibilityGlobals) = postSolution
		SolutionGuid = {258B64D0-8473-4BF9-A5B7-378E306C6212}
	EndGlobalSection
EndGlobal
